
Microsoft Visual Studio Solution File, Format Version 12.00
# Visual Studio Version 17
VisualStudioVersion = 17.1.32407.343
MinimumVisualStudioVersion = 10.0.40219.1
Project("{FAE04EC0-301F-11D3-BF4B-00C04F79EFBC}") = "AzureAPI", "AzureAPI.csproj", "{A33F3A8B-0D81-4D99-B16D-EA1519DF30EF}"
EndProject
Project("{2150E333-8FDC-42A3-9474-1A3956D46DE8}") = "Solution Items", "Solution Items", "{A385BBB1-6E11-479E-B6B8-289222E65CA6}"
	ProjectSection(SolutionItems) = preProject
		.editorconfig = .editorconfig
	EndProjectSection
EndProject
Global
	GlobalSection(SolutionConfigurationPlatforms) = preSolution
		Debug|Any CPU = Debug|Any CPU
		Release|Any CPU = Release|Any CPU
	EndGlobalSection
	GlobalSection(ProjectConfigurationPlatforms) = postSolution
		{A33F3A8B-0D81-4D99-B16D-EA1519DF30EF}.Debug|Any CPU.ActiveCfg = Debug|Any CPU
		{A33F3A8B-0D81-4D99-B16D-EA1519DF30EF}.Debug|Any CPU.Build.0 = Debug|Any CPU
		{A33F3A8B-0D81-4D99-B16D-EA1519DF30EF}.Release|Any CPU.ActiveCfg = Release|Any CPU
		{A33F3A8B-0D81-4D99-B16D-EA1519DF30EF}.Release|Any CPU.Build.0 = Release|Any CPU
	EndGlobalSection
	GlobalSection(SolutionProperties) = preSolution
		HideSolutionNode = FALSE
	EndGlobalSection
	GlobalSection(ExtensibilityGlobals) = postSolution
		SolutionGuid = {1FA07059-0617-4222-8559-7AF44AABF5C6}
	EndGlobalSection
EndGlobal
